
Microsoft Visual Studio Solution File, Format Version 12.00
# Visual Studio Version 17
VisualStudioVersion = 17.14.37502.11 d17.14
MinimumVisualStudioVersion = 10.0.40219.1
Project("{FAE04EC0-301F-11D3-BF4B-00C04F79EFBC}") = "Page switching", "Page switching.csproj", "{FF2CCB58-C1C0-43B5-9EE1-FBF991D4B729}"
EndProject
Global
	GlobalSection(SolutionConfigurationPlatforms) = preSolution
		Debug|Any CPU = Debug|Any CPU
		Release|Any CPU = Release|Any CPU
	EndGlobalSection
	GlobalSection(ProjectConfigurationPlatforms) = postSolution
		{FF2CCB58-C1C0-43B5-9EE1-FBF991D4B729}.Debug|Any CPU.ActiveCfg = Debug|Any CPU
		{FF2CCB58-C1C0-43B5-9EE1-FBF991D4B729}.Debug|Any CPU.Build.0 = Debug|Any CPU
		{FF2CCB58-C1C0-43B5-9EE1-FBF991D4B729}.Release|Any CPU.ActiveCfg = Release|Any CPU
		{FF2CCB58-C1C0-43B5-9EE1-FBF991D4B729}.Release|Any CPU.Build.0 = Release|Any CPU
	EndGlobalSection
	GlobalSection(SolutionProperties) = preSolution
		HideSolutionNode = FALSE
	EndGlobalSection
	GlobalSection(ExtensibilityGlobals) = postSolution
		SolutionGuid = {05A1CA51-B4DB-4563-BD89-163242DEBE1A}
	EndGlobalSection
EndGlobal
